
Microsoft Visual Studio Solution File, Format Version 12.00
# Visual Studio 2012
Project("{FAE04EC0-301F-11D3-BF4B-00C04F79EFBC}") = "WSNFE", "WSNFE\WSNFE.csproj", "{792A80C3-9E8F-432D-B62E-2F62B6FF302F}"
EndProject
Global
	GlobalSection(SolutionConfigurationPlatforms) = preSolution
		Debug|Any CPU = Debug|Any CPU
		Release|Any CPU = Release|Any CPU
	EndGlobalSection
	GlobalSection(ProjectConfigurationPlatforms) = postSolution
		{792A80C3-9E8F-432D-B62E-2F62B6FF302F}.Debug|Any CPU.ActiveCfg = Debug|Any CPU
		{792A80C3-9E8F-432D-B62E-2F62B6FF302F}.Debug|Any CPU.Build.0 = Debug|Any CPU
		{792A80C3-9E8F-432D-B62E-2F62B6FF302F}.Release|Any CPU.ActiveCfg = Release|Any CPU
		{792A80C3-9E8F-432D-B62E-2F62B6FF302F}.Release|Any CPU.Build.0 = Release|Any CPU
	EndGlobalSection
	GlobalSection(SolutionProperties) = preSolution
		HideSolutionNode = FALSE
	EndGlobalSection
EndGlobal
